dependencies:
  espressif/servo:
    component_hash: 309c787e48224255fad458cfd9ab86ea53f0fdad1c5e4f6f0c50309990b17108
    dependencies:
    - name: idf
      require: private
      version: '>=4.4'
    source:
      registry_url: https://components.espressif.com/
      type: service
    version: 0.1.0
  idf:
    source:
      type: idf
    version: 5.4.1
direct_dependencies:
- espressif/servo
manifest_hash: 228506c1668f87a66f70de60fb8b24f65fe5f562834eda69c85c3e1781101537
target: esp32c6
version: 2.0.0
