dependencies:
  espressif/servo:
    component_hash: 309c787e48224255fad458cfd9ab86ea53f0fdad1c5e4f6f0c50309990b17108
    dependencies:
    - name: idf
      require: private
      version: '>=4.4'
    source:
      registry_url: https://components.espressif.com/
      type: service
    version: 0.1.0
  idf:
    source:
      type: idf
    version: 5.5.0
direct_dependencies:
- espressif/servo
- idf
manifest_hash: 2da7895082a663cba1cfe10ff69f63ce3da1e0a9cbfafb4b0e986d836f230d93
target: esp32c6
version: 2.0.0
